Microsoft Visual Studio Solution File, Format Version 12.00
# Visual Studio 2012
Project("{FAE04EC0-301F-11D3-BF4B-00C04F79EFBC}") = "Folklore Terror", "Folklore Terror.csproj", "{907A5944-52B6-415A-8D46-906D275A3728}"
EndProject
Global
	GlobalSection(SolutionConfigurationPlatforms) = preSolution
	Debug|Any CPU = Debug|Any CPU
	ExportDebug|Any CPU = ExportDebug|Any CPU
	ExportRelease|Any CPU = ExportRelease|Any CPU
	EndGlobalSection
	GlobalSection(ProjectConfigurationPlatforms) = postSolution
		{907A5944-52B6-415A-8D46-906D275A3728}.Debug|Any CPU.ActiveCfg = Debug|Any CPU
		{907A5944-52B6-415A-8D46-906D275A3728}.Debug|Any CPU.Build.0 = Debug|Any CPU
		{907A5944-52B6-415A-8D46-906D275A3728}.ExportDebug|Any CPU.ActiveCfg = ExportDebug|Any CPU
		{907A5944-52B6-415A-8D46-906D275A3728}.ExportDebug|Any CPU.Build.0 = ExportDebug|Any CPU
		{907A5944-52B6-415A-8D46-906D275A3728}.ExportRelease|Any CPU.ActiveCfg = ExportRelease|Any CPU
		{907A5944-52B6-415A-8D46-906D275A3728}.ExportRelease|Any CPU.Build.0 = ExportRelease|Any CPU
	EndGlobalSection
EndGlobal
